{
    "_readme": [
        "This file locks the dependencies of your project to a known state",
        "Read more about it at https://getcomposer.org/doc/01-basic-usage.md#installing-dependencies",
        "This file is @generated automatically"
    ],
    "content-hash": "bcecb76ab6e9815035d52fd5a9983d67",
    "packages": [
        {
            "name": "student/snack-library",
            "version": "dev-main",
            "dist": {
                "type": "path",
                "url": "../library",
                "reference": "da35df9a83d3209c35ed87b79c45f298e93c2193"
            },
            "require": {
                "php": ">=8.0"
            },
            "require-dev": {
                "phpstan/phpstan": "*",
                "squizlabs/php_codesniffer": "*"
            },
            "type": "library",
            "autoload": {
                "psr-4": {
                    "SnackLibrary\\": "src/"
                }
            },
            "transport-options": {
                "relative": true
            }
        }
    ],
    "packages-dev": [],
    "aliases": [],
    "minimum-stability": "dev",
    "stability-flags": {},
    "prefer-stable": false,
    "prefer-lowest": false,
    "platform": {
        "php": ">=8.0"
    },
    "platform-dev": {},
    "plugin-api-version": "2.9.0"
}
